
Microsoft Visual Studio Solution File, Format Version 12.00
# Visual Studio 15
VisualStudioVersion = 15.0.28010.2036
MinimumVisualStudioVersion = 10.0.40219.1
Project("{FAE04EC0-301F-11D3-BF4B-00C04F79EFBC}") = "WindowsFormsApp01", "WindowsFormsApp01\WindowsFormsApp01.csproj", "{325AE991-1827-4610-981F-86F67808A358}"
EndProject
Global
	GlobalSection(SolutionConfigurationPlatforms) = preSolution
		Debug|Any CPU = Debug|Any CPU
		Release|Any CPU = Release|Any CPU
	EndGlobalSection
	GlobalSection(ProjectConfigurationPlatforms) = postSolution
		{325AE991-1827-4610-981F-86F67808A358}.Debug|Any CPU.ActiveCfg = Debug|Any CPU
		{325AE991-1827-4610-981F-86F67808A358}.Debug|Any CPU.Build.0 = Debug|Any CPU
		{325AE991-1827-4610-981F-86F67808A358}.Release|Any CPU.ActiveCfg = Release|Any CPU
		{325AE991-1827-4610-981F-86F67808A358}.Release|Any CPU.Build.0 = Release|Any CPU
	EndGlobalSection
	GlobalSection(SolutionProperties) = preSolution
		HideSolutionNode = FALSE
	EndGlobalSection
	GlobalSection(ExtensibilityGlobals) = postSolution
		SolutionGuid = {C1F8F366-3C1C-4205-A035-D0CA7C9BDCDB}
	EndGlobalSection
EndGlobal
